Microsoft Visual Studio Solution File, Format Version 11.00
# Visual Studio 2008

Project("{F9D150E0-721D-4BA9-2141-91333FA11CCD}") = "Testumgebung", "Assembly-CSharp-firstpass.csproj", "{B683F4D7-410D-621E-F82B-1DA15476A5AA}"
EndProject
Project("{F9D150E0-721D-4BA9-2141-91333FA11CCD}") = "Testumgebung", "Assembly-CSharp.csproj", "{7D862528-9220-C472-C005-AA44B1C3790A}"
EndProject
Project("{F9D150E0-721D-4BA9-2141-91333FA11CCD}") = "Testumgebung", "Assembly-CSharp-Editor.csproj", "{61D75F69-2BEE-6F69-D31F-D5E6895ECB46}"
EndProject
Global
	GlobalSection(SolutionConfigurationPlatforms) = preSolution
		Debug|Any CPU = Debug|Any CPU
		Release|Any CPU = Release|Any CPU
	EndGlobalSection
	GlobalSection(ProjectConfigurationPlatforms) = postSolution
		{B683F4D7-410D-621E-F82B-1DA15476A5AA}.Debug|Any CPU.ActiveCfg = Debug|Any CPU
		{B683F4D7-410D-621E-F82B-1DA15476A5AA}.Debug|Any CPU.Build.0 = Debug|Any CPU
		{B683F4D7-410D-621E-F82B-1DA15476A5AA}.Release|Any CPU.ActiveCfg = Release|Any CPU
		{B683F4D7-410D-621E-F82B-1DA15476A5AA}.Release|Any CPU.Build.0 = Release|Any CPU
		{7D862528-9220-C472-C005-AA44B1C3790A}.Debug|Any CPU.ActiveCfg = Debug|Any CPU
		{7D862528-9220-C472-C005-AA44B1C3790A}.Debug|Any CPU.Build.0 = Debug|Any CPU
		{7D862528-9220-C472-C005-AA44B1C3790A}.Release|Any CPU.ActiveCfg = Release|Any CPU
		{7D862528-9220-C472-C005-AA44B1C3790A}.Release|Any CPU.Build.0 = Release|Any CPU
		{61D75F69-2BEE-6F69-D31F-D5E6895ECB46}.Debug|Any CPU.ActiveCfg = Debug|Any CPU
		{61D75F69-2BEE-6F69-D31F-D5E6895ECB46}.Debug|Any CPU.Build.0 = Debug|Any CPU
		{61D75F69-2BEE-6F69-D31F-D5E6895ECB46}.Release|Any CPU.ActiveCfg = Release|Any CPU
		{61D75F69-2BEE-6F69-D31F-D5E6895ECB46}.Release|Any CPU.Build.0 = Release|Any CPU
	EndGlobalSection
	GlobalSection(SolutionProperties) = preSolution
		HideSolutionNode = FALSE
	EndGlobalSection
	GlobalSection(MonoDevelopProperties) = preSolution
		StartupItem = Assembly-CSharp.csproj
	EndGlobalSection
EndGlobal
